Microsoft Visual Studio Solution File, Format Version 9.00
# Visual Studio 2005
Project("{8BC9CEB8-8B4A-11D0-8D11-00A0C91BC942}") = "linebreak", "linebreak.vcproj", "{EF82024B-9CEE-4D5F-8379-B4EDD158AD64}"
EndProject
Global
	GlobalSection(SolutionConfigurationPlatforms) = preSolution
		Debug Console|Win32 = Debug Console|Win32
		Debug|Win32 = Debug|Win32
		Release Console|Win32 = Release Console|Win32
		Release|Win32 = Release|Win32
	EndGlobalSection
	GlobalSection(ProjectConfigurationPlatforms) = postSolution
		{EF82024B-9CEE-4D5F-8379-B4EDD158AD64}.Debug Console|Win32.ActiveCfg = Debug Console|Win32
		{EF82024B-9CEE-4D5F-8379-B4EDD158AD64}.Debug Console|Win32.Build.0 = Debug Console|Win32
		{EF82024B-9CEE-4D5F-8379-B4EDD158AD64}.Debug|Win32.ActiveCfg = Debug|Win32
		{EF82024B-9CEE-4D5F-8379-B4EDD158AD64}.Debug|Win32.Build.0 = Debug|Win32
		{EF82024B-9CEE-4D5F-8379-B4EDD158AD64}.Release Console|Win32.ActiveCfg = Release Console|Win32
		{EF82024B-9CEE-4D5F-8379-B4EDD158AD64}.Release|Win32.ActiveCfg = Release|Win32
		{EF82024B-9CEE-4D5F-8379-B4EDD158AD64}.Release|Win32.Build.0 = Release|Win32
	EndGlobalSection
	GlobalSection(SolutionProperties) = preSolution
		HideSolutionNode = FALSE
	EndGlobalSection
EndGlobal
